# This file is autogenerated, do not edit; changes may be undone by the next 'dep ensure'.


[[projects]]
  digest = "1:ffe9824d294da03b391f44e1ae8281281b4afc1bdaa9588c9097785e3af10cec"
  name = "github.com/davecgh/go-spew"
  packages = ["spew"]
  pruneopts = "UT"
  revision = "8991bc29aa16c548c550c7ff78260e27b9ab7c73"
  version = "v1.1.1"

[[projects]]
  digest = "1:af43bdaaf86655a2343f113e9b293bbc16b12099eaeb223982bbe4d4c22ba14d"
  name = "github.com/fatih/structs"
  packages = ["."]
  pruneopts = "UT"
  revision = "4966fc68f5b7593aafa6cbbba2d65ec6e1416047"
  version = "v1.1.0"

[[projects]]
  digest = "1:574f4e0c57e045c9d109d23c60c586b2198eaead53daa97ed5f65c616e22a9b0"
  name = "github.com/h2non/parth"
  packages = ["."]
  pruneopts = "UT"
  revision = "b4df798d65426f8c8ab5ca5f9987aec5575d26c9"
  version = "v2.0.1"

[[projects]]
  digest = "1:9e1d37b58d17113ec3cb5608ac0382313c5b59470b94ed97d0976e69c7022314"
  name = "github.com/pkg/errors"
  packages = ["."]
  pruneopts = "UT"
  revision = "614d223910a179a466c1767a985424175c39b465"
  version = "v0.9.1"

[[projects]]
  digest = "1:0028cb19b2e4c3112225cd871870f2d9cf49b9b4276531f03438a88e94be86fe"
  name = "github.com/pmezard/go-difflib"
  packages = ["difflib"]
  pruneopts = "UT"
  revision = "792786c7400a136282c1664665ae0a8db921c6c2"
  version = "v1.0.0"

[[projects]]
  digest = "1:df641e58f425436baeeb55d7a65a18f6a109591cd485a9b90d974a8fe4340eb4"
  name = "github.com/spf13/cast"
  packages = ["."]
  pruneopts = "UT"
  revision = "88075729b052bca4b8b6c31bf198db2fe6c9da93"
  version = "v1.4.1"

[[projects]]
  digest = "1:edb231f4f062fe87e1cc93351e1ee06d4cebf553d1f85f9f3b9b4903df42df20"
  name = "github.com/stretchr/testify"
  packages = ["assert"]
  pruneopts = "UT"
  revision = "acba37e5db06f0093b465a7d47822bf13644b66c"
  version = "v1.7.0"

[[projects]]
  branch = "master"
  digest = "1:b521f10a2d8fa85c04a8ef4e62f2d1e14d303599a55d64dabf9f5a02f84d35eb"
  name = "golang.org/x/sync"
  packages = ["errgroup"]
  pruneopts = "UT"
  revision = "036812b2e83c0ddf193dd5a34e034151da389d09"

[[projects]]
  digest = "1:b2377fce33b1f39a691df462b023b4ac2f900696c56acd5493e9b31006fa0398"
  name = "gopkg.in/h2non/gock.v1"
  packages = ["."]
  pruneopts = "UT"
  revision = "5b72870cdcba531fee7998aae31e18b1bcabf103"
  version = "v1.1.2"

[[projects]]
  branch = "v3"
  digest = "1:107a619d3c3bcca214b2b7db810a5dffcd74b5d0262813cb2986e063fae2722f"
  name = "gopkg.in/yaml.v3"
  packages = ["."]
  pruneopts = "UT"
  revision = "496545a6307b2a7d7a710fd516e5e16e8ab62dbc"

[solve-meta]
  analyzer-name = "dep"
  analyzer-version = 1
  input-imports = [
    "github.com/fatih/structs",
    "github.com/pkg/errors",
    "github.com/spf13/cast",
    "github.com/stretchr/testify/assert",
    "golang.org/x/sync/errgroup",
    "gopkg.in/h2non/gock.v1",
  ]
  solver-name = "gps-cdcl"
  solver-version = 1
